// !$*UTF8*$!
{
	archiveVersion = 1;
	classes = {
	};
	objectVersion = 46;
	objects = {

/* Begin PBXBuildFile section */
		18009BCB1D57387B0086EFD8 /* main.m in Sources */ = {isa = PBXBuildFile; fileRef = 18009BCA1D57387B0086EFD8 /* main.m */; };
		18009BCE1D57387B0086EFD8 /* AppDelegate.m in Sources */ = {isa = PBXBuildFile; fileRef = 18009BCD1D57387B0086EFD8 /* AppDelegate.m */; };
		18009BD11D57387B0086EFD8 /* ViewController.m in Sources */ = {isa = PBXBuildFile; fileRef = 18009BD01D57387B0086EFD8 /* ViewController.m */; };
		18009BD41D57387B0086EFD8 /* Main.storyboard in Resources */ = {isa = PBXBuildFile; fileRef = 18009BD21D57387B0086EFD8 /* Main.storyboard */; };
		18009BD61D57387B0086EFD8 /* Assets.xcassets in Resources */ = {isa = PBXBuildFile; fileRef = 18009BD51D57387B0086EFD8 /* Assets.xcassets */; };
		18009BD91D57387B0086EFD8 /* LaunchScreen.storyboard in Resources */ = {isa = PBXBuildFile; fileRef = 18009BD71D57387B0086EFD8 /* LaunchScreen.storyboard */; };
		18009BE21D5738AE0086EFD8 /* MainTabBarController.m in Sources */ = {isa = PBXBuildFile; fileRef = 18009BE11D5738AE0086EFD8 /* MainTabBarController.m */; };
		18009BE51D5745700086EFD8 /* AnotherTabBarController.m in Sources */ = {isa = PBXBuildFile; fileRef = 18009BE41D5745700086EFD8 /* AnotherTabBarController.m */; };
		18009BE81D580F540086EFD8 /* MyTabBar.m in Sources */ = {isa = PBXBuildFile; fileRef = 18009BE71D580F540086EFD8 /* MyTabBar.m */; };
		18009BEB1D5821CA0086EFD8 /* MyTabBarItem.m in Sources */ = {isa = PBXBuildFile; fileRef = 18009BEA1D5821CA0086EFD8 /* MyTabBarItem.m */; };
/* End PBXBuildFile section */

/* Begin PBXFileReference section */
		18009BC61D57387B0086EFD8 /* 带弧度的TabBar.app */ = {isa = PBXFileReference; explicitFileType = wrapper.application; includeInIndex = 0; path = "带弧度的TabBar.app"; sourceTree = BUILT_PRODUCTS_DIR; };
		18009BCA1D57387B0086EFD8 /* main.m */ = {isa = PBXFileReference; lastKnownFileType = sourcecode.c.objc; path = main.m; sourceTree = "<group>"; };
		18009BCC1D57387B0086EFD8 /* AppDelegate.h */ = {isa = PBXFileReference; lastKnownFileType = sourcecode.c.h; path = AppDelegate.h; sourceTree = "<group>"; };
		18009BCD1D57387B0086EFD8 /* AppDelegate.m */ = {isa = PBXFileReference; lastKnownFileType = sourcecode.c.objc; path = AppDelegate.m; sourceTree = "<group>"; };
		18009BCF1D57387B0086EFD8 /* ViewController.h */ = {isa = PBXFileReference; lastKnownFileType = sourcecode.c.h; path = ViewController.h; sourceTree = "<group>"; };
		18009BD01D57387B0086EFD8 /* ViewController.m */ = {isa = PBXFileReference; lastKnownFileType = sourcecode.c.objc; path = ViewController.m; sourceTree = "<group>"; };
		18009BD31D57387B0086EFD8 /* Base */ = {isa = PBXFileReference; lastKnownFileType = file.storyboard; name = Base; path = Base.lproj/Main.storyboard; sourceTree = "<group>"; };
		18009BD51D57387B0086EFD8 /* Assets.xcassets */ = {isa = PBXFileReference; lastKnownFileType = folder.assetcatalog; path = Assets.xcassets; sourceTree = "<group>"; };
		18009BD81D57387B0086EFD8 /* Base */ = {isa = PBXFileReference; lastKnownFileType = file.storyboard; name = Base; path = Base.lproj/LaunchScreen.storyboard; sourceTree = "<group>"; };
		18009BDA1D57387B0086EFD8 /* Info.plist */ = {isa = PBXFileReference; lastKnownFileType = text.plist.xml; path = Info.plist; sourceTree = "<group>"; };
		18009BE01D5738AE0086EFD8 /* MainTabBarController.h */ = {isa = PBXFileReference; fileEncoding = 4; lastKnownFileType = sourcecode.c.h; path = MainTabBarController.h; sourceTree = "<group>"; };
		18009BE11D5738AE0086EFD8 /* MainTabBarController.m */ = {isa = PBXFileReference; fileEncoding = 4; lastKnownFileType = sourcecode.c.objc; path = MainTabBarController.m; sourceTree = "<group>"; };
		18009BE31D5745700086EFD8 /* AnotherTabBarController.h */ = {isa = PBXFileReference; fileEncoding = 4; lastKnownFileType = sourcecode.c.h; path = AnotherTabBarController.h; sourceTree = "<group>"; };
		18009BE41D5745700086EFD8 /* AnotherTabBarController.m */ = {isa = PBXFileReference; fileEncoding = 4; lastKnownFileType = sourcecode.c.objc; path = AnotherTabBarController.m; sourceTree = "<group>"; };
		18009BE61D580F540086EFD8 /* MyTabBar.h */ = {isa = PBXFileReference; fileEncoding = 4; lastKnownFileType = sourcecode.c.h; path = MyTabBar.h; sourceTree = "<group>"; };
		18009BE71D580F540086EFD8 /* MyTabBar.m */ = {isa = PBXFileReference; fileEncoding = 4; lastKnownFileType = sourcecode.c.objc; path = MyTabBar.m; sourceTree = "<group>"; };
		18009BE91D5821CA0086EFD8 /* MyTabBarItem.h */ = {isa = PBXFileReference; fileEncoding = 4; lastKnownFileType = sourcecode.c.h; path = MyTabBarItem.h; sourceTree = "<group>"; };
		18009BEA1D5821CA0086EFD8 /* MyTabBarItem.m */ = {isa = PBXFileReference; fileEncoding = 4; lastKnownFileType = sourcecode.c.objc; path = MyTabBarItem.m; sourceTree = "<group>"; };
/* End PBXFileReference section */

/* Begin PBXFrameworksBuildPhase section */
		18009BC31D57387B0086EFD8 /* Frameworks */ = {
			isa = PBXFrameworksBuildPhase;
			buildActionMask = 2147483647;
			files = (
			);
			runOnlyForDeploymentPostprocessing = 0;
		};
/* End PBXFrameworksBuildPhase section */

/* Begin PBXGroup section */
		18009BBD1D57387B0086EFD8 = {
			isa = PBXGroup;
			children = (
				18009BC81D57387B0086EFD8 /* 带弧度的TabBar */,
				18009BC71D57387B0086EFD8 /* Products */,
			);
			sourceTree = "<group>";
		};
		18009BC71D57387B0086EFD8 /* Products */ = {
			isa = PBXGroup;
			children = (
				18009BC61D57387B0086EFD8 /* 带弧度的TabBar.app */,
			);
			name = Products;
			sourceTree = "<group>";
		};
		18009BC81D57387B0086EFD8 /* 带弧度的TabBar */ = {
			isa = PBXGroup;
			children = (
				18009BCC1D57387B0086EFD8 /* AppDelegate.h */,
				18009BCD1D57387B0086EFD8 /* AppDelegate.m */,
				18009BCF1D57387B0086EFD8 /* ViewController.h */,
				18009BD01D57387B0086EFD8 /* ViewController.m */,
				18009BE01D5738AE0086EFD8 /* MainTabBarController.h */,
				18009BE11D5738AE0086EFD8 /* MainTabBarController.m */,
				18009BE31D5745700086EFD8 /* AnotherTabBarController.h */,
				18009BE41D5745700086EFD8 /* AnotherTabBarController.m */,
				18009BE61D580F540086EFD8 /* MyTabBar.h */,
				18009BE71D580F540086EFD8 /* MyTabBar.m */,
				18009BE91D5821CA0086EFD8 /* MyTabBarItem.h */,
				18009BEA1D5821CA0086EFD8 /* MyTabBarItem.m */,
				18009BD21D57387B0086EFD8 /* Main.storyboard */,
				18009BD51D57387B0086EFD8 /* Assets.xcassets */,
				18009BD71D57387B0086EFD8 /* LaunchScreen.storyboard */,
				18009BDA1D57387B0086EFD8 /* Info.plist */,
				18009BC91D57387B0086EFD8 /* Supporting Files */,
			);
			path = "带弧度的TabBar";
			sourceTree = "<group>";
		};
		18009BC91D57387B0086EFD8 /* Supporting Files */ = {
			isa = PBXGroup;
			children = (
				18009BCA1D57387B0086EFD8 /* main.m */,
			);
			name = "Supporting Files";
			sourceTree = "<group>";
		};
/* End PBXGroup section */

/* Begin PBXNativeTarget section */
		18009BC51D57387B0086EFD8 /* 带弧度的TabBar */ = {
			isa = PBXNativeTarget;
			buildConfigurationList = 18009BDD1D57387B0086EFD8 /* Build configuration list for PBXNativeTarget "带弧度的TabBar" */;
			buildPhases = (
				18009BC21D57387B0086EFD8 /* Sources */,
				18009BC31D57387B0086EFD8 /* Frameworks */,
				18009BC41D57387B0086EFD8 /* Resources */,
			);
			buildRules = (
			);
			dependencies = (
			);
			name = "带弧度的TabBar";
			productName = "带弧度的TabBar";
			productReference = 18009BC61D57387B0086EFD8 /* 带弧度的TabBar.app */;
			productType = "com.apple.product-type.application";
		};
/* End PBXNativeTarget section */

/* Begin PBXProject section */
		18009BBE1D57387B0086EFD8 /* Project object */ = {
			isa = PBXProject;
			attributes = {
				LastUpgradeCheck = 0730;
				ORGANIZATIONNAME = happy;
				TargetAttributes = {
					18009BC51D57387B0086EFD8 = {
						CreatedOnToolsVersion = 7.3.1;
						DevelopmentTeam = 8GZ3T6P223;
					};
				};
			};
			buildConfigurationList = 18009BC11D57387B0086EFD8 /* Build configuration list for PBXProject "带弧度的TabBar" */;
			compatibilityVersion = "Xcode 3.2";
			developmentRegion = English;
			hasScannedForEncodings = 0;
			knownRegions = (
				en,
				Base,
			);
			mainGroup = 18009BBD1D57387B0086EFD8;
			productRefGroup = 18009BC71D57387B0086EFD8 /* Products */;
			projectDirPath = "";
			projectRoot = "";
			targets = (
				18009BC51D57387B0086EFD8 /* 带弧度的TabBar */,
			);
		};
/* End PBXProject section */

/* Begin PBXResourcesBuildPhase section */
		18009BC41D57387B0086EFD8 /* Resources */ = {
			isa = PBXResourcesBuildPhase;
			buildActionMask = 2147483647;
			files = (
				18009BD91D57387B0086EFD8 /* LaunchScreen.storyboard in Resources */,
				18009BD61D57387B0086EFD8 /* Assets.xcassets in Resources */,
				18009BD41D57387B0086EFD8 /* Main.storyboard in Resources */,
			);
			runOnlyForDeploymentPostprocessing = 0;
		};
/* End PBXResourcesBuildPhase section */

/* Begin PBXSourcesBuildPhase section */
		18009BC21D57387B0086EFD8 /* Sources */ = {
			isa = PBXSourcesBuildPhase;
			buildActionMask = 2147483647;
			files = (
				18009BEB1D5821CA0086EFD8 /* MyTabBarItem.m in Sources */,
				18009BD11D57387B0086EFD8 /* ViewController.m in Sources */,
				18009BE81D580F540086EFD8 /* MyTabBar.m in Sources */,
				18009BCE1D57387B0086EFD8 /* AppDelegate.m in Sources */,
				18009BE51D5745700086EFD8 /* AnotherTabBarController.m in Sources */,
				18009BE21D5738AE0086EFD8 /* MainTabBarController.m in Sources */,
				18009BCB1D57387B0086EFD8 /* main.m in Sources */,
			);
			runOnlyForDeploymentPostprocessing = 0;
		};
/* End PBXSourcesBuildPhase section */

/* Begin PBXVariantGroup section */
		18009BD21D57387B0086EFD8 /* Main.storyboard */ = {
			isa = PBXVariantGroup;
			children = (
				18009BD31D57387B0086EFD8 /* Base */,
			);
			name = Main.storyboard;
			sourceTree = "<group>";
		};
		18009BD71D57387B0086EFD8 /* LaunchScreen.storyboard */ = {
			isa = PBXVariantGroup;
			children = (
				18009BD81D57387B0086EFD8 /* Base */,
			);
			name = LaunchScreen.storyboard;
			sourceTree = "<group>";
		};
/* End PBXVariantGroup section */

/* Begin XCBuildConfiguration section */
		18009BDB1D57387B0086EFD8 /* Debug */ = {
			isa = XCBuildConfiguration;
			buildSettings = {
				ALWAYS_SEARCH_USER_PATHS = NO;
				CLANG_ANALYZER_NONNULL = YES;
				CLANG_CXX_LANGUAGE_STANDARD = "gnu++0x";
				CLANG_CXX_LIBRARY = "libc++";
				CLANG_ENABLE_MODULES = YES;
				CLANG_ENABLE_OBJC_ARC = YES;
				CLANG_WARN_BOOL_CONVERSION = YES;
				CLANG_WARN_CONSTANT_CONVERSION = YES;
				CLANG_WARN_DIRECT_OBJC_ISA_USAGE = YES_ERROR;
				CLANG_WARN_EMPTY_BODY = YES;
				CLANG_WARN_ENUM_CONVERSION = YES;
				CLANG_WARN_INT_CONVERSION = YES;
				CLANG_WARN_OBJC_ROOT_CLASS = YES_ERROR;
				CLANG_WARN_UNREACHABLE_CODE = YES;
				CLANG_WARN__DUPLICATE_METHOD_MATCH = YES;
				"CODE_SIGN_IDENTITY[sdk=iphoneos*]" = "iPhone Developer";
				COPY_PHASE_STRIP = NO;
				DEBUG_INFORMATION_FORMAT = dwarf;
				ENABLE_STRICT_OBJC_MSGSEND = YES;
				ENABLE_TESTABILITY = YES;
				GCC_C_LANGUAGE_STANDARD = gnu99;
				GCC_DYNAMIC_NO_PIC = NO;
				GCC_NO_COMMON_BLOCKS = YES;
				GCC_OPTIMIZATION_LEVEL = 0;
				GCC_PREPROCESSOR_DEFINITIONS = (
					"DEBUG=1",
					"$(inherited)",
				);
				GCC_WARN_64_TO_32_BIT_CONVERSION = YES;
				GCC_WARN_ABOUT_RETURN_TYPE = YES_ERROR;
				GCC_WARN_UNDECLARED_SELECTOR = YES;
				GCC_WARN_UNINITIALIZED_AUTOS = YES_AGGRESSIVE;
				GCC_WARN_UNUSED_FUNCTION = YES;
				GCC_WARN_UNUSED_VARIABLE = YES;
				IPHONEOS_DEPLOYMENT_TARGET = 9.3;
				MTL_ENABLE_DEBUG_INFO = YES;
				ONLY_ACTIVE_ARCH = YES;
				SDKROOT = iphoneos;
			};
			name = Debug;
		};
		18009BDC1D57387B0086EFD8 /* Release */ = {
			isa = XCBuildConfiguration;
			buildSettings = {
				ALWAYS_SEARCH_USER_PATHS = NO;
				CLANG_ANALYZER_NONNULL = YES;
				CLANG_CXX_LANGUAGE_STANDARD = "gnu++0x";
				CLANG_CXX_LIBRARY = "libc++";
				CLANG_ENABLE_MODULES = YES;
				CLANG_ENABLE_OBJC_ARC = YES;
				CLANG_WARN_BOOL_CONVERSION = YES;
				CLANG_WARN_CONSTANT_CONVERSION = YES;
				CLANG_WARN_DIRECT_OBJC_ISA_USAGE = YES_ERROR;
				CLANG_WARN_EMPTY_BODY = YES;
				CLANG_WARN_ENUM_CONVERSION = YES;
				CLANG_WARN_INT_CONVERSION = YES;
				CLANG_WARN_OBJC_ROOT_CLASS = YES_ERROR;
				CLANG_WARN_UNREACHABLE_CODE = YES;
				CLANG_WARN__DUPLICATE_METHOD_MATCH = YES;
				"CODE_SIGN_IDENTITY[sdk=iphoneos*]" = "iPhone Developer";
				COPY_PHASE_STRIP = NO;
				DEBUG_INFORMATION_FORMAT = "dwarf-with-dsym";
				ENABLE_NS_ASSERTIONS = NO;
				ENABLE_STRICT_OBJC_MSGSEND = YES;
				GCC_C_LANGUAGE_STANDARD = gnu99;
				GCC_NO_COMMON_BLOCKS = YES;
				GCC_WARN_64_TO_32_BIT_CONVERSION = YES;
				GCC_WARN_ABOUT_RETURN_TYPE = YES_ERROR;
				GCC_WARN_UNDECLARED_SELECTOR = YES;
				GCC_WARN_UNINITIALIZED_AUTOS = YES_AGGRESSIVE;
				GCC_WARN_UNUSED_FUNCTION = YES;
				GCC_WARN_UNUSED_VARIABLE = YES;
				IPHONEOS_DEPLOYMENT_TARGET = 9.3;
				MTL_ENABLE_DEBUG_INFO = NO;
				SDKROOT = iphoneos;
				VALIDATE_PRODUCT = YES;
			};
			name = Release;
		};
		18009BDE1D57387B0086EFD8 /* Debug */ = {
			isa = XCBuildConfiguration;
			buildSettings = {
				ASSETCATALOG_COMPILER_APPICON_NAME = AppIcon;
				INFOPLIST_FILE = "带弧度的TabBar/Info.plist";
				LD_RUNPATH_SEARCH_PATHS = "$(inherited) @executable_path/Frameworks";
				PRODUCT_BUNDLE_IDENTIFIER = "sanyechong.----TabBar";
				PRODUCT_NAME = "$(TARGET_NAME)";
			};
			name = Debug;
		};
		18009BDF1D57387B0086EFD8 /* Release */ = {
			isa = XCBuildConfiguration;
			buildSettings = {
				ASSETCATALOG_COMPILER_APPICON_NAME = AppIcon;
				INFOPLIST_FILE = "带弧度的TabBar/Info.plist";
				LD_RUNPATH_SEARCH_PATHS = "$(inherited) @executable_path/Frameworks";
				PRODUCT_BUNDLE_IDENTIFIER = "sanyechong.----TabBar";
				PRODUCT_NAME = "$(TARGET_NAME)";
			};
			name = Release;
		};
/* End XCBuildConfiguration section */

/* Begin XCConfigurationList section */
		18009BC11D57387B0086EFD8 /* Build configuration list for PBXProject "带弧度的TabBar" */ = {
			isa = XCConfigurationList;
			buildConfigurations = (
				18009BDB1D57387B0086EFD8 /* Debug */,
				18009BDC1D57387B0086EFD8 /* Release */,
			);
			defaultConfigurationIsVisible = 0;
			defaultConfigurationName = Release;
		};
		18009BDD1D57387B0086EFD8 /* Build configuration list for PBXNativeTarget "带弧度的TabBar" */ = {
			isa = XCConfigurationList;
			buildConfigurations = (
				18009BDE1D57387B0086EFD8 /* Debug */,
				18009BDF1D57387B0086EFD8 /* Release */,
			);
			defaultConfigurationIsVisible = 0;
		};
/* End XCConfigurationList section */
	};
	rootObject = 18009BBE1D57387B0086EFD8 /* Project object */;
}
